PODS:
  - FlutterMacOS (1.0.0)
  - screen_recorder_macos (0.0.1):
    - FlutterMacOS

DEPENDENCIES:
  - FlutterMacOS (from `Flutter/ephemeral`)
  - screen_recorder_macos (from `Flutter/ephemeral/.symlinks/plugins/screen_recorder_macos/macos`)

EXTERNAL SOURCES:
  FlutterMacOS:
    :path: Flutter/ephemeral
  screen_recorder_macos:
    :path: Flutter/ephemeral/.symlinks/plugins/screen_recorder_macos/macos

SPEC CHECKSUMS:
  FlutterMacOS: d0db08ddef1a9af05a5ec4b724367152bb0500b1
  screen_recorder_macos: 1f41f85e7c1c7f8acad6ddbfbad78181085265e3

PODFILE CHECKSUM: 89c84cf5c2351c1e554c6dea18d31a879fc3a19e

COCOAPODS: 1.16.2
